// !$*UTF8*$!
{
	archiveVersion = 1;
	classes = {
	};
	objectVersion = 77;
	objects = {

/* Begin PBXContainerItemProxy section */
		CAC19F532D585195007AE4B6 /* PBXContainerItemProxy */ = {
			isa = PBXContainerItemProxy;
			containerPortal = CAC19F3A2D585193007AE4B6 /* Project object */;
			proxyType = 1;
			remoteGlobalIDString = CAC19F412D585193007AE4B6;
			remoteInfo = "find-vintage";
		};
		CAC19F5D2D585195007AE4B6 /* PBXContainerItemProxy */ = {
			isa = PBXContainerItemProxy;
			containerPortal = CAC19F3A2D585193007AE4B6 /* Project object */;
			proxyType = 1;
			remoteGlobalIDString = CAC19F412D585193007AE4B6;
			remoteInfo = "find-vintage";
		};
/* End PBXContainerItemProxy section */

/* Begin PBXFileReference section */
		CAC19F422D585193007AE4B6 /* find-vintage.app */ = {isa = PBXFileReference; explicitFileType = wrapper.application; includeInIndex = 0; path = "find-vintage.app"; sourceTree = BUILT_PRODUCTS_DIR; };
		CAC19F522D585195007AE4B6 /* find-vintageTests.xctest */ = {isa = PBXFileReference; explicitFileType = wrapper.cfbundle; includeInIndex = 0; path = "find-vintageTests.xctest"; sourceTree = BUILT_PRODUCTS_DIR; };
		CAC19F5C2D585195007AE4B6 /* find-vintageUITests.xctest */ = {isa = PBXFileReference; explicitFileType = wrapper.cfbundle; includeInIndex = 0; path = "find-vintageUITests.xctest"; sourceTree = BUILT_PRODUCTS_DIR; };
/* End PBXFileReference section */

/* Begin PBXFileSystemSynchronizedBuildFileExceptionSet section */
		CAC19F992D5860EE007AE4B6 /* Exceptions for "find-vintage" folder in "find-vintage" target */ = {
			isa = PBXFileSystemSynchronizedBuildFileExceptionSet;
			membershipExceptions = (
				Info.plist,
			);
			target = CAC19F412D585193007AE4B6 /* find-vintage */;
		};
/* End PBXFileSystemSynchronizedBuildFileExceptionSet section */

/* Begin PBXFileSystemSynchronizedRootGroup section */
		CAC19F442D585193007AE4B6 /* find-vintage */ = {
			isa = PBXFileSystemSynchronizedRootGroup;
			exceptions = (
				CAC19F992D5860EE007AE4B6 /* Exceptions for "find-vintage" folder in "find-vintage" target */,
			);
			path = "find-vintage";
			sourceTree = "<group>";
		};
		CAC19F552D585195007AE4B6 /* find-vintageTests */ = {
			isa = PBXFileSystemSynchronizedRootGroup;
			path = "find-vintageTests";
			sourceTree = "<group>";
		};
		CAC19F5F2D585195007AE4B6 /* find-vintageUITests */ = {
			isa = PBXFileSystemSynchronizedRootGroup;
			path = "find-vintageUITests";
			sourceTree = "<group>";
		};
/* End PBXFileSystemSynchronizedRootGroup section */

/* Begin PBXFrameworksBuildPhase section */
		CAC19F3F2D585193007AE4B6 /* Frameworks */ = {
			isa = PBXFrameworksBuildPhase;
			buildActionMask = 2147483647;
			files = (
			);
			runOnlyForDeploymentPostprocessing = 0;
		};
		CAC19F4F2D585195007AE4B6 /* Frameworks */ = {
			isa = PBXFrameworksBuildPhase;
			buildActionMask = 2147483647;
			files = (
			);
			runOnlyForDeploymentPostprocessing = 0;
		};
		CAC19F592D585195007AE4B6 /* Frameworks */ = {
			isa = PBXFrameworksBuildPhase;
			buildActionMask = 2147483647;
			files = (
			);
			runOnlyForDeploymentPostprocessing = 0;
		};
/* End PBXFrameworksBuildPhase section */

/* Begin PBXGroup section */
		CAC19F392D585193007AE4B6 = {
			isa = PBXGroup;
			children = (
				CAC19F442D585193007AE4B6 /* find-vintage */,
				CAC19F552D585195007AE4B6 /* find-vintageTests */,
				CAC19F5F2D585195007AE4B6 /* find-vintageUITests */,
				CAC19F432D585193007AE4B6 /* Products */,
			);
			sourceTree = "<group>";
		};
		CAC19F432D585193007AE4B6 /* Products */ = {
			isa = PBXGroup;
			children = (
				CAC19F422D585193007AE4B6 /* find-vintage.app */,
				CAC19F522D585195007AE4B6 /* find-vintageTests.xctest */,
				CAC19F5C2D585195007AE4B6 /* find-vintageUITests.xctest */,
			);
			name = Products;
			sourceTree = "<group>";
		};
/* End PBXGroup section */

/* Begin PBXNativeTarget section */
		CAC19F412D585193007AE4B6 /* find-vintage */ = {
			isa = PBXNativeTarget;
			buildConfigurationList = CAC19F662D585195007AE4B6 /* Build configuration list for PBXNativeTarget "find-vintage" */;
			buildPhases = (
				CAC19F3E2D585193007AE4B6 /* Sources */,
				CAC19F3F2D585193007AE4B6 /* Frameworks */,
				CAC19F402D585193007AE4B6 /* Resources */,
			);
			buildRules = (
			);
			dependencies = (
			);
			fileSystemSynchronizedGroups = (
				CAC19F442D585193007AE4B6 /* find-vintage */,
			);
			name = "find-vintage";
			packageProductDependencies = (
			);
			productName = "find-vintage";
			productReference = CAC19F422D585193007AE4B6 /* find-vintage.app */;
			productType = "com.apple.product-type.application";
		};
		CAC19F512D585195007AE4B6 /* find-vintageTests */ = {
			isa = PBXNativeTarget;
			buildConfigurationList = CAC19F692D585195007AE4B6 /* Build configuration list for PBXNativeTarget "find-vintageTests" */;
			buildPhases = (
				CAC19F4E2D585195007AE4B6 /* Sources */,
				CAC19F4F2D585195007AE4B6 /* Frameworks */,
				CAC19F502D585195007AE4B6 /* Resources */,
			);
			buildRules = (
			);
			dependencies = (
				CAC19F542D585195007AE4B6 /* PBXTargetDependency */,
			);
			fileSystemSynchronizedGroups = (
				CAC19F552D585195007AE4B6 /* find-vintageTests */,
			);
			name = "find-vintageTests";
			packageProductDependencies = (
			);
			productName = "find-vintageTests";
			productReference = CAC19F522D585195007AE4B6 /* find-vintageTests.xctest */;
			productType = "com.apple.product-type.bundle.unit-test";
		};
		CAC19F5B2D585195007AE4B6 /* find-vintageUITests */ = {
			isa = PBXNativeTarget;
			buildConfigurationList = CAC19F6C2D585195007AE4B6 /* Build configuration list for PBXNativeTarget "find-vintageUITests" */;
			buildPhases = (
				CAC19F582D585195007AE4B6 /* Sources */,
				CAC19F592D585195007AE4B6 /* Frameworks */,
				CAC19F5A2D585195007AE4B6 /* Resources */,
			);
			buildRules = (
			);
			dependencies = (
				CAC19F5E2D585195007AE4B6 /* PBXTargetDependency */,
			);
			fileSystemSynchronizedGroups = (
				CAC19F5F2D585195007AE4B6 /* find-vintageUITests */,
			);
			name = "find-vintageUITests";
			packageProductDependencies = (
			);
			productName = "find-vintageUITests";
			productReference = CAC19F5C2D585195007AE4B6 /* find-vintageUITests.xctest */;
			productType = "com.apple.product-type.bundle.ui-testing";
		};
/* End PBXNativeTarget section */

/* Begin PBXProject section */
		CAC19F3A2D585193007AE4B6 /* Project object */ = {
			isa = PBXProject;
			attributes = {
				BuildIndependentTargetsInParallel = 1;
				LastSwiftUpdateCheck = 1600;
				LastUpgradeCheck = 1600;
				TargetAttributes = {
					CAC19F412D585193007AE4B6 = {
						CreatedOnToolsVersion = 16.0;
					};
					CAC19F512D585195007AE4B6 = {
						CreatedOnToolsVersion = 16.0;
						TestTargetID = CAC19F412D585193007AE4B6;
					};
					CAC19F5B2D585195007AE4B6 = {
						CreatedOnToolsVersion = 16.0;
						TestTargetID = CAC19F412D585193007AE4B6;
					};
				};
			};
			buildConfigurationList = CAC19F3D2D585193007AE4B6 /* Build configuration list for PBXProject "find-vintage" */;
			developmentRegion = en;
			hasScannedForEncodings = 0;
			knownRegions = (
				en,
				Base,
			);
			mainGroup = CAC19F392D585193007AE4B6;
			minimizedProjectReferenceProxies = 1;
			preferredProjectObjectVersion = 77;
			productRefGroup = CAC19F432D585193007AE4B6 /* Products */;
			projectDirPath = "";
			projectRoot = "";
			targets = (
				CAC19F412D585193007AE4B6 /* find-vintage */,
				CAC19F512D585195007AE4B6 /* find-vintageTests */,
				CAC19F5B2D585195007AE4B6 /* find-vintageUITests */,
			);
		};
/* End PBXProject section */

/* Begin PBXResourcesBuildPhase section */
		CAC19F402D585193007AE4B6 /* Resources */ = {
			isa = PBXResourcesBuildPhase;
			buildActionMask = 2147483647;
			files = (
			);
			runOnlyForDeploymentPostprocessing = 0;
		};
		CAC19F502D585195007AE4B6 /* Resources */ = {
			isa = PBXResourcesBuildPhase;
			buildActionMask = 2147483647;
			files = (
			);
			runOnlyForDeploymentPostprocessing = 0;
		};
		CAC19F5A2D585195007AE4B6 /* Resources */ = {
			isa = PBXResourcesBuildPhase;
			buildActionMask = 2147483647;
			files = (
			);
			runOnlyForDeploymentPostprocessing = 0;
		};
/* End PBXResourcesBuildPhase section */

/* Begin PBXSourcesBuildPhase section */
		CAC19F3E2D585193007AE4B6 /* Sources */ = {
			isa = PBXSourcesBuildPhase;
			buildActionMask = 2147483647;
			files = (
			);
			runOnlyForDeploymentPostprocessing = 0;
		};
		CAC19F4E2D585195007AE4B6 /* Sources */ = {
			isa = PBXSourcesBuildPhase;
			buildActionMask = 2147483647;
			files = (
			);
			runOnlyForDeploymentPostprocessing = 0;
		};
		CAC19F582D585195007AE4B6 /* Sources */ = {
			isa = PBXSourcesBuildPhase;
			buildActionMask = 2147483647;
			files = (
			);
			runOnlyForDeploymentPostprocessing = 0;
		};
/* End PBXSourcesBuildPhase section */

/* Begin PBXTargetDependency section */
		CAC19F542D585195007AE4B6 /* PBXTargetDependency */ = {
			isa = PBXTargetDependency;
			target = CAC19F412D585193007AE4B6 /* find-vintage */;
			targetProxy = CAC19F532D585195007AE4B6 /* PBXContainerItemProxy */;
		};
		CAC19F5E2D585195007AE4B6 /* PBXTargetDependency */ = {
			isa = PBXTargetDependency;
			target = CAC19F412D585193007AE4B6 /* find-vintage */;
			targetProxy = CAC19F5D2D585195007AE4B6 /* PBXContainerItemProxy */;
		};
/* End PBXTargetDependency section */

/* Begin XCBuildConfiguration section */
		CAC19F642D585195007AE4B6 /* Debug */ = {
			isa = XCBuildConfiguration;
			buildSettings = {
				ALWAYS_SEARCH_USER_PATHS = NO;
				ASSETCATALOG_COMPILER_GENERATE_SWIFT_ASSET_SYMBOL_EXTENSIONS = YES;
				CLANG_ANALYZER_NONNULL = YES;
				CLANG_ANALYZER_NUMBER_OBJECT_CONVERSION = YES_AGGRESSIVE;
				CLANG_CXX_LANGUAGE_STANDARD = "gnu++20";
				CLANG_ENABLE_MODULES = YES;
				CLANG_ENABLE_OBJC_ARC = YES;
				CLANG_ENABLE_OBJC_WEAK = YES;
				CLANG_WARN_BLOCK_CAPTURE_AUTORELEASING = YES;
				CLANG_WARN_BOOL_CONVERSION = YES;
				CLANG_WARN_COMMA = YES;
				CLANG_WARN_CONSTANT_CONVERSION = YES;
				CLANG_WARN_DEPRECATED_OBJC_IMPLEMENTATIONS = YES;
				CLANG_WARN_DIRECT_OBJC_ISA_USAGE = YES_ERROR;
				CLANG_WARN_DOCUMENTATION_COMMENTS = YES;
				CLANG_WARN_EMPTY_BODY = YES;
				CLANG_WARN_ENUM_CONVERSION = YES;
				CLANG_WARN_INFINITE_RECURSION = YES;
				CLANG_WARN_INT_CONVERSION = YES;
				CLANG_WARN_NON_LITERAL_NULL_CONVERSION = YES;
				CLANG_WARN_OBJC_IMPLICIT_RETAIN_SELF = YES;
				CLANG_WARN_OBJC_LITERAL_CONVERSION = YES;
				CLANG_WARN_OBJC_ROOT_CLASS = YES_ERROR;
				CLANG_WARN_QUOTED_INCLUDE_IN_FRAMEWORK_HEADER = YES;
				CLANG_WARN_RANGE_LOOP_ANALYSIS = YES;
				CLANG_WARN_STRICT_PROTOTYPES = YES;
				CLANG_WARN_SUSPICIOUS_MOVE = YES;
				CLANG_WARN_UNGUARDED_AVAILABILITY = YES_AGGRESSIVE;
				CLANG_WARN_UNREACHABLE_CODE = YES;
				CLANG_WARN__DUPLICATE_METHOD_MATCH = YES;
				COPY_PHASE_STRIP = NO;
				DEBUG_INFORMATION_FORMAT = dwarf;
				ENABLE_STRICT_OBJC_MSGSEND = YES;
				ENABLE_TESTABILITY = YES;
				ENABLE_USER_SCRIPT_SANDBOXING = YES;
				GCC_C_LANGUAGE_STANDARD = gnu17;
				GCC_DYNAMIC_NO_PIC = NO;
				GCC_NO_COMMON_BLOCKS = YES;
				GCC_OPTIMIZATION_LEVEL = 0;
				GCC_PREPROCESSOR_DEFINITIONS = (
					"DEBUG=1",
					"$(inherited)",
				);
				GCC_WARN_64_TO_32_BIT_CONVERSION = YES;
				GCC_WARN_ABOUT_RETURN_TYPE = YES_ERROR;
				GCC_WARN_UNDECLARED_SELECTOR = YES;
				GCC_WARN_UNINITIALIZED_AUTOS = YES_AGGRESSIVE;
				GCC_WARN_UNUSED_FUNCTION = YES;
				GCC_WARN_UNUSED_VARIABLE = YES;
				IPHONEOS_DEPLOYMENT_TARGET = 18.0;
				LOCALIZATION_PREFERS_STRING_CATALOGS = YES;
				MTL_ENABLE_DEBUG_INFO = INCLUDE_SOURCE;
				MTL_FAST_MATH = YES;
				ONLY_ACTIVE_ARCH = YES;
				SDKROOT = iphoneos;
				SWIFT_ACTIVE_COMPILATION_CONDITIONS = "DEBUG $(inherited)";
				SWIFT_OPTIMIZATION_LEVEL = "-Onone";
			};
			name = Debug;
		};
		CAC19F652D585195007AE4B6 /* Release */ = {
			isa = XCBuildConfiguration;
			buildSettings = {
				ALWAYS_SEARCH_USER_PATHS = NO;
				ASSETCATALOG_COMPILER_GENERATE_SWIFT_ASSET_SYMBOL_EXTENSIONS = YES;
				CLANG_ANALYZER_NONNULL = YES;
				CLANG_ANALYZER_NUMBER_OBJECT_CONVERSION = YES_AGGRESSIVE;
				CLANG_CXX_LANGUAGE_STANDARD = "gnu++20";
				CLANG_ENABLE_MODULES = YES;
				CLANG_ENABLE_OBJC_ARC = YES;
				CLANG_ENABLE_OBJC_WEAK = YES;
				CLANG_WARN_BLOCK_CAPTURE_AUTORELEASING = YES;
				CLANG_WARN_BOOL_CONVERSION = YES;
				CLANG_WARN_COMMA = YES;
				CLANG_WARN_CONSTANT_CONVERSION = YES;
				CLANG_WARN_DEPRECATED_OBJC_IMPLEMENTATIONS = YES;
				CLANG_WARN_DIRECT_OBJC_ISA_USAGE = YES_ERROR;
				CLANG_WARN_DOCUMENTATION_COMMENTS = YES;
				CLANG_WARN_EMPTY_BODY = YES;
				CLANG_WARN_ENUM_CONVERSION = YES;
				CLANG_WARN_INFINITE_RECURSION = YES;
				CLANG_WARN_INT_CONVERSION = YES;
				CLANG_WARN_NON_LITERAL_NULL_CONVERSION = YES;
				CLANG_WARN_OBJC_IMPLICIT_RETAIN_SELF = YES;
				CLANG_WARN_OBJC_LITERAL_CONVERSION = YES;
				CLANG_WARN_OBJC_ROOT_CLASS = YES_ERROR;
				CLANG_WARN_QUOTED_INCLUDE_IN_FRAMEWORK_HEADER = YES;
				CLANG_WARN_RANGE_LOOP_ANALYSIS = YES;
				CLANG_WARN_STRICT_PROTOTYPES = YES;
				CLANG_WARN_SUSPICIOUS_MOVE = YES;
				CLANG_WARN_UNGUARDED_AVAILABILITY = YES_AGGRESSIVE;
				CLANG_WARN_UNREACHABLE_CODE = YES;
				CLANG_WARN__DUPLICATE_METHOD_MATCH = YES;
				COPY_PHASE_STRIP = NO;
				DEBUG_INFORMATION_FORMAT = "dwarf-with-dsym";
				ENABLE_NS_ASSERTIONS = NO;
				ENABLE_STRICT_OBJC_MSGSEND = YES;
				ENABLE_USER_SCRIPT_SANDBOXING = YES;
				GCC_C_LANGUAGE_STANDARD = gnu17;
				GCC_NO_COMMON_BLOCKS = YES;
				GCC_WARN_64_TO_32_BIT_CONVERSION = YES;
				GCC_WARN_ABOUT_RETURN_TYPE = YES_ERROR;
				GCC_WARN_UNDECLARED_SELECTOR = YES;
				GCC_WARN_UNINITIALIZED_AUTOS = YES_AGGRESSIVE;
				GCC_WARN_UNUSED_FUNCTION = YES;
				GCC_WARN_UNUSED_VARIABLE = YES;
				IPHONEOS_DEPLOYMENT_TARGET = 18.0;
				LOCALIZATION_PREFERS_STRING_CATALOGS = YES;
				MTL_ENABLE_DEBUG_INFO = NO;
				MTL_FAST_MATH = YES;
				SDKROOT = iphoneos;
				SWIFT_COMPILATION_MODE = wholemodule;
				VALIDATE_PRODUCT = YES;
			};
			name = Release;
		};
		CAC19F672D585195007AE4B6 /* Debug */ = {
			isa = XCBuildConfiguration;
			buildSettings = {
				ASSETCATALOG_COMPILER_APPICON_NAME = AppIcon;
				ASSETCATALOG_COMPILER_GLOBAL_ACCENT_COLOR_NAME = AccentColor;
				CODE_SIGN_STYLE = Automatic;
				CURRENT_PROJECT_VERSION = 1;
				DEVELOPMENT_ASSET_PATHS = "\"find-vintage/Preview Content\"";
				DEVELOPMENT_TEAM = 3HQ4T349Y9;
				ENABLE_PREVIEWS = YES;
				GENERATE_INFOPLIST_FILE = YES;
				INFOPLIST_FILE = "find-vintage/Info.plist";
				INFOPLIST_KEY_LSApplicationCategoryType = "";
				INFOPLIST_KEY_NSCameraUsageDescription = "Need camera access to capture clothing items";
				INFOPLIST_KEY_UIApplicationSceneManifest_Generation = YES;
				INFOPLIST_KEY_UIApplicationSupportsIndirectInputEvents = YES;
				INFOPLIST_KEY_UILaunchScreen_Generation = YES;
				INFOPLIST_KEY_UISupportedInterfaceOrientations_iPad = "UIInterfaceOrientationPortrait UIInterfaceOrientationPortraitUpsideDown UIInterfaceOrientationLandscapeLeft UIInterfaceOrientationLandscapeRight";
				INFOPLIST_KEY_UISupportedInterfaceOrientations_iPhone = "UIInterfaceOrientationPortrait UIInterfaceOrientationLandscapeLeft UIInterfaceOrientationLandscapeRight";
				LD_RUNPATH_SEARCH_PATHS = (
					"$(inherited)",
					"@executable_path/Frameworks",
				);
				MARKETING_VERSION = 1.0;
				PRODUCT_BUNDLE_IDENTIFIER = "Hiraku-Onuma.find-vintage";
				PRODUCT_NAME = "$(TARGET_NAME)";
				SWIFT_EMIT_LOC_STRINGS = YES;
				SWIFT_VERSION = 5.0;
				TARGETED_DEVICE_FAMILY = "1,2";
			};
			name = Debug;
		};
		CAC19F682D585195007AE4B6 /* Release */ = {
			isa = XCBuildConfiguration;
			buildSettings = {
				ASSETCATALOG_COMPILER_APPICON_NAME = AppIcon;
				ASSETCATALOG_COMPILER_GLOBAL_ACCENT_COLOR_NAME = AccentColor;
				CODE_SIGN_STYLE = Automatic;
				CURRENT_PROJECT_VERSION = 1;
				DEVELOPMENT_ASSET_PATHS = "\"find-vintage/Preview Content\"";
				DEVELOPMENT_TEAM = 3HQ4T349Y9;
				ENABLE_PREVIEWS = YES;
				GENERATE_INFOPLIST_FILE = YES;
				INFOPLIST_FILE = "find-vintage/Info.plist";
				INFOPLIST_KEY_LSApplicationCategoryType = "";
				INFOPLIST_KEY_NSCameraUsageDescription = "Need camera access to capture clothing items";
				INFOPLIST_KEY_UIApplicationSceneManifest_Generation = YES;
				INFOPLIST_KEY_UIApplicationSupportsIndirectInputEvents = YES;
				INFOPLIST_KEY_UILaunchScreen_Generation = YES;
				INFOPLIST_KEY_UISupportedInterfaceOrientations_iPad = "UIInterfaceOrientationPortrait UIInterfaceOrientationPortraitUpsideDown UIInterfaceOrientationLandscapeLeft UIInterfaceOrientationLandscapeRight";
				INFOPLIST_KEY_UISupportedInterfaceOrientations_iPhone = "UIInterfaceOrientationPortrait UIInterfaceOrientationLandscapeLeft UIInterfaceOrientationLandscapeRight";
				LD_RUNPATH_SEARCH_PATHS = (
					"$(inherited)",
					"@executable_path/Frameworks",
				);
				MARKETING_VERSION = 1.0;
				PRODUCT_BUNDLE_IDENTIFIER = "Hiraku-Onuma.find-vintage";
				PRODUCT_NAME = "$(TARGET_NAME)";
				SWIFT_EMIT_LOC_STRINGS = YES;
				SWIFT_VERSION = 5.0;
				TARGETED_DEVICE_FAMILY = "1,2";
			};
			name = Release;
		};
		CAC19F6A2D585195007AE4B6 /* Debug */ = {
			isa = XCBuildConfiguration;
			buildSettings = {
				BUNDLE_LOADER = "$(TEST_HOST)";
				CODE_SIGN_STYLE = Automatic;
				CURRENT_PROJECT_VERSION = 1;
				DEVELOPMENT_TEAM = 3HQ4T349Y9;
				GENERATE_INFOPLIST_FILE = YES;
				IPHONEOS_DEPLOYMENT_TARGET = 18.0;
				MARKETING_VERSION = 1.0;
				PRODUCT_BUNDLE_IDENTIFIER = "Hiraku-Onuma.find-vintageTests";
				PRODUCT_NAME = "$(TARGET_NAME)";
				SWIFT_EMIT_LOC_STRINGS = NO;
				SWIFT_VERSION = 5.0;
				TARGETED_DEVICE_FAMILY = "1,2";
				TEST_HOST = "$(BUILT_PRODUCTS_DIR)/find-vintage.app/$(BUNDLE_EXECUTABLE_FOLDER_PATH)/find-vintage";
			};
			name = Debug;
		};
		CAC19F6B2D585195007AE4B6 /* Release */ = {
			isa = XCBuildConfiguration;
			buildSettings = {
				BUNDLE_LOADER = "$(TEST_HOST)";
				CODE_SIGN_STYLE = Automatic;
				CURRENT_PROJECT_VERSION = 1;
				DEVELOPMENT_TEAM = 3HQ4T349Y9;
				GENERATE_INFOPLIST_FILE = YES;
				IPHONEOS_DEPLOYMENT_TARGET = 18.0;
				MARKETING_VERSION = 1.0;
				PRODUCT_BUNDLE_IDENTIFIER = "Hiraku-Onuma.find-vintageTests";
				PRODUCT_NAME = "$(TARGET_NAME)";
				SWIFT_EMIT_LOC_STRINGS = NO;
				SWIFT_VERSION = 5.0;
				TARGETED_DEVICE_FAMILY = "1,2";
				TEST_HOST = "$(BUILT_PRODUCTS_DIR)/find-vintage.app/$(BUNDLE_EXECUTABLE_FOLDER_PATH)/find-vintage";
			};
			name = Release;
		};
		CAC19F6D2D585195007AE4B6 /* Debug */ = {
			isa = XCBuildConfiguration;
			buildSettings = {
				CODE_SIGN_STYLE = Automatic;
				CURRENT_PROJECT_VERSION = 1;
				DEVELOPMENT_TEAM = 3HQ4T349Y9;
				GENERATE_INFOPLIST_FILE = YES;
				MARKETING_VERSION = 1.0;
				PRODUCT_BUNDLE_IDENTIFIER = "Hiraku-Onuma.find-vintageUITests";
				PRODUCT_NAME = "$(TARGET_NAME)";
				SWIFT_EMIT_LOC_STRINGS = NO;
				SWIFT_VERSION = 5.0;
				TARGETED_DEVICE_FAMILY = "1,2";
				TEST_TARGET_NAME = "find-vintage";
			};
			name = Debug;
		};
		CAC19F6E2D585195007AE4B6 /* Release */ = {
			isa = XCBuildConfiguration;
			buildSettings = {
				CODE_SIGN_STYLE = Automatic;
				CURRENT_PROJECT_VERSION = 1;
				DEVELOPMENT_TEAM = 3HQ4T349Y9;
				GENERATE_INFOPLIST_FILE = YES;
				MARKETING_VERSION = 1.0;
				PRODUCT_BUNDLE_IDENTIFIER = "Hiraku-Onuma.find-vintageUITests";
				PRODUCT_NAME = "$(TARGET_NAME)";
				SWIFT_EMIT_LOC_STRINGS = NO;
				SWIFT_VERSION = 5.0;
				TARGETED_DEVICE_FAMILY = "1,2";
				TEST_TARGET_NAME = "find-vintage";
			};
			name = Release;
		};
/* End XCBuildConfiguration section */

/* Begin XCConfigurationList section */
		CAC19F3D2D585193007AE4B6 /* Build configuration list for PBXProject "find-vintage" */ = {
			isa = XCConfigurationList;
			buildConfigurations = (
				CAC19F642D585195007AE4B6 /* Debug */,
				CAC19F652D585195007AE4B6 /* Release */,
			);
			defaultConfigurationIsVisible = 0;
			defaultConfigurationName = Release;
		};
		CAC19F662D585195007AE4B6 /* Build configuration list for PBXNativeTarget "find-vintage" */ = {
			isa = XCConfigurationList;
			buildConfigurations = (
				CAC19F672D585195007AE4B6 /* Debug */,
				CAC19F682D585195007AE4B6 /* Release */,
			);
			defaultConfigurationIsVisible = 0;
			defaultConfigurationName = Release;
		};
		CAC19F692D585195007AE4B6 /* Build configuration list for PBXNativeTarget "find-vintageTests" */ = {
			isa = XCConfigurationList;
			buildConfigurations = (
				CAC19F6A2D585195007AE4B6 /* Debug */,
				CAC19F6B2D585195007AE4B6 /* Release */,
			);
			defaultConfigurationIsVisible = 0;
			defaultConfigurationName = Release;
		};
		CAC19F6C2D585195007AE4B6 /* Build configuration list for PBXNativeTarget "find-vintageUITests" */ = {
			isa = XCConfigurationList;
			buildConfigurations = (
				CAC19F6D2D585195007AE4B6 /* Debug */,
				CAC19F6E2D585195007AE4B6 /* Release */,
			);
			defaultConfigurationIsVisible = 0;
			defaultConfigurationName = Release;
		};
/* End XCConfigurationList section */
	};
	rootObject = CAC19F3A2D585193007AE4B6 /* Project object */;
}
